// !$*UTF8*$!
{
	archiveVersion = 1;
	classes = {
	};
	objectVersion = 46;
	objects = {

/* Begin PBXBuildFile section */
		0A1823DE1C54FB21000AA18C /* UTCDateTime.swift in Sources */ = {isa = PBXBuildFile; fileRef = 0A1823DD1C54FB21000AA18C /* UTCDateTime.swift */; };
		0A216CE61C541DFC005C959A /* ObjectId.swift in Sources */ = {isa = PBXBuildFile; fileRef = 0A216CE51C541DFC005C959A /* ObjectId.swift */; };
		0A216CE81C541E02005C959A /* Boolean.swift in Sources */ = {isa = PBXBuildFile; fileRef = 0A216CE71C541E02005C959A /* Boolean.swift */; };
		0A3ABBA81C57BA3800FAC1D3 /* Integer16.swift in Sources */ = {isa = PBXBuildFile; fileRef = 0A3ABBA71C57BA3800FAC1D3 /* Integer16.swift */; };
		0A4611721C54206900963114 /* Integer64.swift in Sources */ = {isa = PBXBuildFile; fileRef = 0A4611711C54206900963114 /* Integer64.swift */; };
		0A4611741C54208C00963114 /* Integer32.swift in Sources */ = {isa = PBXBuildFile; fileRef = 0A4611731C54208C00963114 /* Integer32.swift */; };
		0A4A7C951C5B84F80002EF5E /* SwiftSequence.framework in Frameworks */ = {isa = PBXBuildFile; fileRef = 0A4A7C901C5B84EE0002EF5E /* SwiftSequence.framework */; };
		0A549A6A1C5409610049A1A2 /* Binary.swift in Sources */ = {isa = PBXBuildFile; fileRef = 0A549A691C5409610049A1A2 /* Binary.swift */; };
		0AEAD4A51C5436DC00D1CBC3 /* Timestamp.swift in Sources */ = {isa = PBXBuildFile; fileRef = 0AEAD4A41C5436DC00D1CBC3 /* Timestamp.swift */; };
		F20A95571C5383440054AB52 /* BSON.h in Headers */ = {isa = PBXBuildFile; fileRef = F20A95561C5383440054AB52 /* BSON.h */; settings = {ATTRIBUTES = (Public, ); }; };
		F20A955E1C5383440054AB52 /* BSON.framework in Frameworks */ = {isa = PBXBuildFile; fileRef = F20A95531C5383440054AB52 /* BSON.framework */; };
		F20A95631C5383440054AB52 /* BSONTests.swift in Sources */ = {isa = PBXBuildFile; fileRef = F20A95621C5383440054AB52 /* BSONTests.swift */; };
		F20A956E1C5383590054AB52 /* Document.swift in Sources */ = {isa = PBXBuildFile; fileRef = F20A956D1C5383590054AB52 /* Document.swift */; };
		F20A957C1C5392D40054AB52 /* Element.swift in Sources */ = {isa = PBXBuildFile; fileRef = F20A957B1C5392D40054AB52 /* Element.swift */; };
		F20A957E1C5394580054AB52 /* Error.swift in Sources */ = {isa = PBXBuildFile; fileRef = F20A957D1C5394580054AB52 /* Error.swift */; };
		F25272601C53AAC600CBB42E /* Double.swift in Sources */ = {isa = PBXBuildFile; fileRef = F252725F1C53AAC600CBB42E /* Double.swift */; };
		F25272621C53AADD00CBB42E /* String.swift in Sources */ = {isa = PBXBuildFile; fileRef = F25272611C53AADD00CBB42E /* String.swift */; };
		F273753A1C5A61E400CDE296 /* Null.swift in Sources */ = {isa = PBXBuildFile; fileRef = F27375391C5A61E400CDE296 /* Null.swift */; };
/* End PBXBuildFile section */

/* Begin PBXContainerItemProxy section */
		0A4A7C8F1C5B84EE0002EF5E /* PBXContainerItemProxy */ = {
			isa = PBXContainerItemProxy;
			containerPortal = 0A4A7C8A1C5B84EE0002EF5E /* SwiftSequence.xcodeproj */;
			proxyType = 2;
			remoteGlobalIDString = 707F996A1C13B9EA00CE1A23;
			remoteInfo = SwiftSequence;
		};
		0A4A7C911C5B84EE0002EF5E /* PBXContainerItemProxy */ = {
			isa = PBXContainerItemProxy;
			containerPortal = 0A4A7C8A1C5B84EE0002EF5E /* SwiftSequence.xcodeproj */;
			proxyType = 2;
			remoteGlobalIDString = 707F99741C13B9EB00CE1A23;
			remoteInfo = Tests;
		};
		0A4A7C931C5B84F30002EF5E /* PBXContainerItemProxy */ = {
			isa = PBXContainerItemProxy;
			containerPortal = 0A4A7C8A1C5B84EE0002EF5E /* SwiftSequence.xcodeproj */;
			proxyType = 1;
			remoteGlobalIDString = 707F99691C13B9EA00CE1A23;
			remoteInfo = SwiftSequence;
		};
		F20A955F1C5383440054AB52 /* PBXContainerItemProxy */ = {
			isa = PBXContainerItemProxy;
			containerPortal = F20A954A1C5383440054AB52 /* Project object */;
			proxyType = 1;
			remoteGlobalIDString = F20A95521C5383440054AB52;
			remoteInfo = BSON;
		};
/* End PBXContainerItemProxy section */

/* Begin PBXFileReference section */
		0A1823DD1C54FB21000AA18C /* UTCDateTime.swift */ = {isa = PBXFileReference; fileEncoding = 4; lastKnownFileType = sourcecode.swift; path = UTCDateTime.swift; sourceTree = "<group>"; };
		0A216CE51C541DFC005C959A /* ObjectId.swift */ = {isa = PBXFileReference; fileEncoding = 4; lastKnownFileType = sourcecode.swift; path = ObjectId.swift; sourceTree = "<group>"; };
		0A216CE71C541E02005C959A /* Boolean.swift */ = {isa = PBXFileReference; fileEncoding = 4; lastKnownFileType = sourcecode.swift; path = Boolean.swift; sourceTree = "<group>"; };
		0A3ABBA71C57BA3800FAC1D3 /* Integer16.swift */ = {isa = PBXFileReference; fileEncoding = 4; lastKnownFileType = sourcecode.swift; path = Integer16.swift; sourceTree = "<group>"; };
		0A4611711C54206900963114 /* Integer64.swift */ = {isa = PBXFileReference; fileEncoding = 4; lastKnownFileType = sourcecode.swift; path = Integer64.swift; sourceTree = "<group>"; };
		0A4611731C54208C00963114 /* Integer32.swift */ = {isa = PBXFileReference; fileEncoding = 4; lastKnownFileType = sourcecode.swift; path = Integer32.swift; sourceTree = "<group>"; };
		0A4A7C8A1C5B84EE0002EF5E /* SwiftSequence.xcodeproj */ = {isa = PBXFileReference; lastKnownFileType = "wrapper.pb-project"; name = SwiftSequence.xcodeproj; path = Carthage/Checkouts/SwiftSequence/SwiftSequence.xcodeproj; sourceTree = "<group>"; };
		0A549A691C5409610049A1A2 /* Binary.swift */ = {isa = PBXFileReference; fileEncoding = 4; lastKnownFileType = sourcecode.swift; path = Binary.swift; sourceTree = "<group>"; };
		0AEAD4A41C5436DC00D1CBC3 /* Timestamp.swift */ = {isa = PBXFileReference; fileEncoding = 4; lastKnownFileType = sourcecode.swift; path = Timestamp.swift; sourceTree = "<group>"; };
		F20A95531C5383440054AB52 /* BSON.framework */ = {isa = PBXFileReference; explicitFileType = wrapper.framework; includeInIndex = 0; path = BSON.framework; sourceTree = BUILT_PRODUCTS_DIR; };
		F20A95561C5383440054AB52 /* BSON.h */ = {isa = PBXFileReference; lastKnownFileType = sourcecode.c.h; path = BSON.h; sourceTree = "<group>"; };
		F20A95581C5383440054AB52 /* Info.plist */ = {isa = PBXFileReference; lastKnownFileType = text.plist.xml; path = Info.plist; sourceTree = "<group>"; };
		F20A955D1C5383440054AB52 /* BSONTests.xctest */ = {isa = PBXFileReference; explicitFileType = wrapper.cfbundle; includeInIndex = 0; path = BSONTests.xctest; sourceTree = BUILT_PRODUCTS_DIR; };
		F20A95621C5383440054AB52 /* BSONTests.swift */ = {isa = PBXFileReference; lastKnownFileType = sourcecode.swift; path = BSONTests.swift; sourceTree = "<group>"; };
		F20A95641C5383440054AB52 /* Info.plist */ = {isa = PBXFileReference; lastKnownFileType = text.plist.xml; path = Info.plist; sourceTree = "<group>"; };
		F20A956D1C5383590054AB52 /* Document.swift */ = {isa = PBXFileReference; fileEncoding = 4; lastKnownFileType = sourcecode.swift; path = Document.swift; sourceTree = "<group>"; };
		F20A957B1C5392D40054AB52 /* Element.swift */ = {isa = PBXFileReference; fileEncoding = 4; lastKnownFileType = sourcecode.swift; path = Element.swift; sourceTree = "<group>"; };
		F20A957D1C5394580054AB52 /* Error.swift */ = {isa = PBXFileReference; fileEncoding = 4; lastKnownFileType = sourcecode.swift; path = Error.swift; sourceTree = "<group>"; };
		F212DC851C58C3F000B36A19 /* Cartfile */ = {isa = PBXFileReference; lastKnownFileType = text; path = Cartfile; sourceTree = "<group>"; };
		F212DC861C58C3FA00B36A19 /* README.md */ = {isa = PBXFileReference; lastKnownFileType = net.daringfireball.markdown; path = README.md; sourceTree = "<group>"; };
		F212DC871C58C57600B36A19 /* SwiftSequence.framework */ = {isa = PBXFileReference; lastKnownFileType = wrapper.framework; name = SwiftSequence.framework; path = Carthage/Checkouts/SwiftSequence/build/Debug/SwiftSequence.framework; sourceTree = "<group>"; };
		F252725F1C53AAC600CBB42E /* Double.swift */ = {isa = PBXFileReference; fileEncoding = 4; lastKnownFileType = sourcecode.swift; path = Double.swift; sourceTree = "<group>"; };
		F25272611C53AADD00CBB42E /* String.swift */ = {isa = PBXFileReference; fileEncoding = 4; lastKnownFileType = sourcecode.swift; path = String.swift; sourceTree = "<group>"; };
		F27375321C5A4A5D00CDE296 /* Feature Checklist.txt */ = {isa = PBXFileReference; fileEncoding = 4; lastKnownFileType = text; path = "Feature Checklist.txt"; sourceTree = "<group>"; };
		F27375391C5A61E400CDE296 /* Null.swift */ = {isa = PBXFileReference; fileEncoding = 4; lastKnownFileType = sourcecode.swift; path = Null.swift; sourceTree = "<group>"; };
/* End PBXFileReference section */

/* Begin PBXFrameworksBuildPhase section */
		F20A954F1C5383440054AB52 /* Frameworks */ = {
			isa = PBXFrameworksBuildPhase;
			buildActionMask = 2147483647;
			files = (
				0A4A7C951C5B84F80002EF5E /* SwiftSequence.framework in Frameworks */,
			);
			runOnlyForDeploymentPostprocessing = 0;
		};
		F20A955A1C5383440054AB52 /* Frameworks */ = {
			isa = PBXFrameworksBuildPhase;
			buildActionMask = 2147483647;
			files = (
				F20A955E1C5383440054AB52 /* BSON.framework in Frameworks */,
			);
			runOnlyForDeploymentPostprocessing = 0;
		};
/* End PBXFrameworksBuildPhase section */

/* Begin PBXGroup section */
		0A4A7C8B1C5B84EE0002EF5E /* Products */ = {
			isa = PBXGroup;
			children = (
				0A4A7C901C5B84EE0002EF5E /* SwiftSequence.framework */,
				0A4A7C921C5B84EE0002EF5E /* Tests.xctest */,
			);
			name = Products;
			sourceTree = "<group>";
		};
		F20A95491C5383440054AB52 = {
			isa = PBXGroup;
			children = (
				F27375321C5A4A5D00CDE296 /* Feature Checklist.txt */,
				F212DC861C58C3FA00B36A19 /* README.md */,
				F212DC8A1C58C5D900B36A19 /* Dependencies */,
				F20A95551C5383440054AB52 /* BSON */,
				F20A95611C5383440054AB52 /* BSONTests */,
				F20A95541C5383440054AB52 /* Products */,
			);
			sourceTree = "<group>";
		};
		F20A95541C5383440054AB52 /* Products */ = {
			isa = PBXGroup;
			children = (
				F20A95531C5383440054AB52 /* BSON.framework */,
				F20A955D1C5383440054AB52 /* BSONTests.xctest */,
			);
			name = Products;
			sourceTree = "<group>";
		};
		F20A95551C5383440054AB52 /* BSON */ = {
			isa = PBXGroup;
			children = (
				F252725E1C53AABC00CBB42E /* Elements */,
				F20A95561C5383440054AB52 /* BSON.h */,
				F20A95581C5383440054AB52 /* Info.plist */,
				F20A957B1C5392D40054AB52 /* Element.swift */,
				F20A957D1C5394580054AB52 /* Error.swift */,
			);
			path = BSON;
			sourceTree = "<group>";
		};
		F20A95611C5383440054AB52 /* BSONTests */ = {
			isa = PBXGroup;
			children = (
				F20A95621C5383440054AB52 /* BSONTests.swift */,
				F20A95641C5383440054AB52 /* Info.plist */,
			);
			path = BSONTests;
			sourceTree = "<group>";
		};
		F212DC8A1C58C5D900B36A19 /* Dependencies */ = {
			isa = PBXGroup;
			children = (
				0A4A7C8A1C5B84EE0002EF5E /* SwiftSequence.xcodeproj */,
				F212DC851C58C3F000B36A19 /* Cartfile */,
				F212DC871C58C57600B36A19 /* SwiftSequence.framework */,
			);
			name = Dependencies;
			sourceTree = "<group>";
		};
		F252725E1C53AABC00CBB42E /* Elements */ = {
			isa = PBXGroup;
			children = (
				F252725F1C53AAC600CBB42E /* Double.swift */,
				F25272611C53AADD00CBB42E /* String.swift */,
				0A549A691C5409610049A1A2 /* Binary.swift */,
				0A216CE51C541DFC005C959A /* ObjectId.swift */,
				0A216CE71C541E02005C959A /* Boolean.swift */,
				0A4611731C54208C00963114 /* Integer32.swift */,
				0A3ABBA71C57BA3800FAC1D3 /* Integer16.swift */,
				0A1823DD1C54FB21000AA18C /* UTCDateTime.swift */,
				0AEAD4A41C5436DC00D1CBC3 /* Timestamp.swift */,
				0A4611711C54206900963114 /* Integer64.swift */,
				F27375391C5A61E400CDE296 /* Null.swift */,
				F20A956D1C5383590054AB52 /* Document.swift */,
			);
			name = Elements;
			sourceTree = "<group>";
		};
/* End PBXGroup section */

/* Begin PBXHeadersBuildPhase section */
		F20A95501C5383440054AB52 /* Headers */ = {
			isa = PBXHeadersBuildPhase;
			buildActionMask = 2147483647;
			files = (
				F20A95571C5383440054AB52 /* BSON.h in Headers */,
			);
			runOnlyForDeploymentPostprocessing = 0;
		};
/* End PBXHeadersBuildPhase section */

/* Begin PBXNativeTarget section */
		F20A95521C5383440054AB52 /* BSON */ = {
			isa = PBXNativeTarget;
			buildConfigurationList = F20A95671C5383440054AB52 /* Build configuration list for PBXNativeTarget "BSON" */;
			buildPhases = (
				F20A954E1C5383440054AB52 /* Sources */,
				F20A954F1C5383440054AB52 /* Frameworks */,
				F20A95501C5383440054AB52 /* Headers */,
				F20A95511C5383440054AB52 /* Resources */,
			);
			buildRules = (
			);
			dependencies = (
				0A4A7C941C5B84F30002EF5E /* PBXTargetDependency */,
			);
			name = BSON;
			productName = BSON;
			productReference = F20A95531C5383440054AB52 /* BSON.framework */;
			productType = "com.apple.product-type.framework";
		};
		F20A955C1C5383440054AB52 /* BSONTests */ = {
			isa = PBXNativeTarget;
			buildConfigurationList = F20A956A1C5383440054AB52 /* Build configuration list for PBXNativeTarget "BSONTests" */;
			buildPhases = (
				F20A95591C5383440054AB52 /* Sources */,
				F20A955A1C5383440054AB52 /* Frameworks */,
				F20A955B1C5383440054AB52 /* Resources */,
			);
			buildRules = (
			);
			dependencies = (
				F20A95601C5383440054AB52 /* PBXTargetDependency */,
			);
			name = BSONTests;
			productName = BSONTests;
			productReference = F20A955D1C5383440054AB52 /* BSONTests.xctest */;
			productType = "com.apple.product-type.bundle.unit-test";
		};
/* End PBXNativeTarget section */

/* Begin PBXProject section */
		F20A954A1C5383440054AB52 /* Project object */ = {
			isa = PBXProject;
			attributes = {
				LastSwiftUpdateCheck = 0720;
				LastUpgradeCheck = 0720;
				ORGANIZATIONNAME = "Robbert Brandsma";
				TargetAttributes = {
					F20A95521C5383440054AB52 = {
						CreatedOnToolsVersion = 7.2;
					};
					F20A955C1C5383440054AB52 = {
						CreatedOnToolsVersion = 7.2;
					};
				};
			};
			buildConfigurationList = F20A954D1C5383440054AB52 /* Build configuration list for PBXProject "BSON" */;
			compatibilityVersion = "Xcode 3.2";
			developmentRegion = English;
			hasScannedForEncodings = 0;
			knownRegions = (
				en,
			);
			mainGroup = F20A95491C5383440054AB52;
			productRefGroup = F20A95541C5383440054AB52 /* Products */;
			projectDirPath = "";
			projectReferences = (
				{
					ProductGroup = 0A4A7C8B1C5B84EE0002EF5E /* Products */;
					ProjectRef = 0A4A7C8A1C5B84EE0002EF5E /* SwiftSequence.xcodeproj */;
				},
			);
			projectRoot = "";
			targets = (
				F20A95521C5383440054AB52 /* BSON */,
				F20A955C1C5383440054AB52 /* BSONTests */,
			);
		};
/* End PBXProject section */

/* Begin PBXReferenceProxy section */
		0A4A7C901C5B84EE0002EF5E /* SwiftSequence.framework */ = {
			isa = PBXReferenceProxy;
			fileType = wrapper.framework;
			path = SwiftSequence.framework;
			remoteRef = 0A4A7C8F1C5B84EE0002EF5E /* PBXContainerItemProxy */;
			sourceTree = BUILT_PRODUCTS_DIR;
		};
		0A4A7C921C5B84EE0002EF5E /* Tests.xctest */ = {
			isa = PBXReferenceProxy;
			fileType = wrapper.cfbundle;
			path = Tests.xctest;
			remoteRef = 0A4A7C911C5B84EE0002EF5E /* PBXContainerItemProxy */;
			sourceTree = BUILT_PRODUCTS_DIR;
		};
/* End PBXReferenceProxy section */

/* Begin PBXResourcesBuildPhase section */
		F20A95511C5383440054AB52 /* Resources */ = {
			isa = PBXResourcesBuildPhase;
			buildActionMask = 2147483647;
			files = (
			);
			runOnlyForDeploymentPostprocessing = 0;
		};
		F20A955B1C5383440054AB52 /* Resources */ = {
			isa = PBXResourcesBuildPhase;
			buildActionMask = 2147483647;
			files = (
			);
			runOnlyForDeploymentPostprocessing = 0;
		};
/* End PBXResourcesBuildPhase section */

/* Begin PBXSourcesBuildPhase section */
		F20A954E1C5383440054AB52 /* Sources */ = {
			isa = PBXSourcesBuildPhase;
			buildActionMask = 2147483647;
			files = (
				F20A957C1C5392D40054AB52 /* Element.swift in Sources */,
				0A216CE81C541E02005C959A /* Boolean.swift in Sources */,
				0A1823DE1C54FB21000AA18C /* UTCDateTime.swift in Sources */,
				0A4611741C54208C00963114 /* Integer32.swift in Sources */,
				0A549A6A1C5409610049A1A2 /* Binary.swift in Sources */,
				F20A957E1C5394580054AB52 /* Error.swift in Sources */,
				0A3ABBA81C57BA3800FAC1D3 /* Integer16.swift in Sources */,
				F25272621C53AADD00CBB42E /* String.swift in Sources */,
				F273753A1C5A61E400CDE296 /* Null.swift in Sources */,
				0AEAD4A51C5436DC00D1CBC3 /* Timestamp.swift in Sources */,
				0A4611721C54206900963114 /* Integer64.swift in Sources */,
				0A216CE61C541DFC005C959A /* ObjectId.swift in Sources */,
				F25272601C53AAC600CBB42E /* Double.swift in Sources */,
				F20A956E1C5383590054AB52 /* Document.swift in Sources */,
			);
			runOnlyForDeploymentPostprocessing = 0;
		};
		F20A95591C5383440054AB52 /* Sources */ = {
			isa = PBXSourcesBuildPhase;
			buildActionMask = 2147483647;
			files = (
				F20A95631C5383440054AB52 /* BSONTests.swift in Sources */,
			);
			runOnlyForDeploymentPostprocessing = 0;
		};
/* End PBXSourcesBuildPhase section */

/* Begin PBXTargetDependency section */
		0A4A7C941C5B84F30002EF5E /* PBXTargetDependency */ = {
			isa = PBXTargetDependency;
			name = SwiftSequence;
			targetProxy = 0A4A7C931C5B84F30002EF5E /* PBXContainerItemProxy */;
		};
		F20A95601C5383440054AB52 /* PBXTargetDependency */ = {
			isa = PBXTargetDependency;
			target = F20A95521C5383440054AB52 /* BSON */;
			targetProxy = F20A955F1C5383440054AB52 /* PBXContainerItemProxy */;
		};
/* End PBXTargetDependency section */

/* Begin XCBuildConfiguration section */
		F20A95651C5383440054AB52 /* Debug */ = {
			isa = XCBuildConfiguration;
			buildSettings = {
				ALWAYS_SEARCH_USER_PATHS = NO;
				CLANG_CXX_LANGUAGE_STANDARD = "gnu++0x";
				CLANG_CXX_LIBRARY = "libc++";
				CLANG_ENABLE_MODULES = YES;
				CLANG_ENABLE_OBJC_ARC = YES;
				CLANG_WARN_BOOL_CONVERSION = YES;
				CLANG_WARN_CONSTANT_CONVERSION = YES;
				CLANG_WARN_DIRECT_OBJC_ISA_USAGE = YES_ERROR;
				CLANG_WARN_EMPTY_BODY = YES;
				CLANG_WARN_ENUM_CONVERSION = YES;
				CLANG_WARN_INT_CONVERSION = YES;
				CLANG_WARN_OBJC_ROOT_CLASS = YES_ERROR;
				CLANG_WARN_UNREACHABLE_CODE = YES;
				CLANG_WARN__DUPLICATE_METHOD_MATCH = YES;
				CODE_SIGN_IDENTITY = "-";
				COPY_PHASE_STRIP = NO;
				CURRENT_PROJECT_VERSION = 1;
				DEBUG_INFORMATION_FORMAT = dwarf;
				ENABLE_STRICT_OBJC_MSGSEND = YES;
				ENABLE_TESTABILITY = YES;
				GCC_C_LANGUAGE_STANDARD = gnu99;
				GCC_DYNAMIC_NO_PIC = NO;
				GCC_NO_COMMON_BLOCKS = YES;
				GCC_OPTIMIZATION_LEVEL = 0;
				GCC_PREPROCESSOR_DEFINITIONS = (
					"DEBUG=1",
					"$(inherited)",
				);
				GCC_WARN_64_TO_32_BIT_CONVERSION = YES;
				GCC_WARN_ABOUT_RETURN_TYPE = YES_ERROR;
				GCC_WARN_UNDECLARED_SELECTOR = YES;
				GCC_WARN_UNINITIALIZED_AUTOS = YES_AGGRESSIVE;
				GCC_WARN_UNUSED_FUNCTION = YES;
				GCC_WARN_UNUSED_VARIABLE = YES;
				MACOSX_DEPLOYMENT_TARGET = 10.11;
				MTL_ENABLE_DEBUG_INFO = YES;
				ONLY_ACTIVE_ARCH = YES;
				SDKROOT = macosx;
				SWIFT_OPTIMIZATION_LEVEL = "-Onone";
				VERSIONING_SYSTEM = "apple-generic";
				VERSION_INFO_PREFIX = "";
			};
			name = Debug;
		};
		F20A95661C5383440054AB52 /* Release */ = {
			isa = XCBuildConfiguration;
			buildSettings = {
				ALWAYS_SEARCH_USER_PATHS = NO;
				CLANG_CXX_LANGUAGE_STANDARD = "gnu++0x";
				CLANG_CXX_LIBRARY = "libc++";
				CLANG_ENABLE_MODULES = YES;
				CLANG_ENABLE_OBJC_ARC = YES;
				CLANG_WARN_BOOL_CONVERSION = YES;
				CLANG_WARN_CONSTANT_CONVERSION = YES;
				CLANG_WARN_DIRECT_OBJC_ISA_USAGE = YES_ERROR;
				CLANG_WARN_EMPTY_BODY = YES;
				CLANG_WARN_ENUM_CONVERSION = YES;
				CLANG_WARN_INT_CONVERSION = YES;
				CLANG_WARN_OBJC_ROOT_CLASS = YES_ERROR;
				CLANG_WARN_UNREACHABLE_CODE = YES;
				CLANG_WARN__DUPLICATE_METHOD_MATCH = YES;
				CODE_SIGN_IDENTITY = "-";
				COPY_PHASE_STRIP = NO;
				CURRENT_PROJECT_VERSION = 1;
				DEBUG_INFORMATION_FORMAT = "dwarf-with-dsym";
				ENABLE_NS_ASSERTIONS = NO;
				ENABLE_STRICT_OBJC_MSGSEND = YES;
				GCC_C_LANGUAGE_STANDARD = gnu99;
				GCC_NO_COMMON_BLOCKS = YES;
				GCC_WARN_64_TO_32_BIT_CONVERSION = YES;
				GCC_WARN_ABOUT_RETURN_TYPE = YES_ERROR;
				GCC_WARN_UNDECLARED_SELECTOR = YES;
				GCC_WARN_UNINITIALIZED_AUTOS = YES_AGGRESSIVE;
				GCC_WARN_UNUSED_FUNCTION = YES;
				GCC_WARN_UNUSED_VARIABLE = YES;
				MACOSX_DEPLOYMENT_TARGET = 10.11;
				MTL_ENABLE_DEBUG_INFO = NO;
				SDKROOT = macosx;
				VERSIONING_SYSTEM = "apple-generic";
				VERSION_INFO_PREFIX = "";
			};
			name = Release;
		};
		F20A95681C5383440054AB52 /* Debug */ = {
			isa = XCBuildConfiguration;
			buildSettings = {
				CLANG_ENABLE_MODULES = YES;
				COMBINE_HIDPI_IMAGES = YES;
				DEFINES_MODULE = YES;
				DYLIB_COMPATIBILITY_VERSION = 1;
				DYLIB_CURRENT_VERSION = 1;
				DYLIB_INSTALL_NAME_BASE = "@rpath";
				FRAMEWORK_VERSION = A;
				INFOPLIST_FILE = BSON/Info.plist;
				INSTALL_PATH = "$(LOCAL_LIBRARY_DIR)/Frameworks";
				LD_RUNPATH_SEARCH_PATHS = "$(inherited) @executable_path/../Frameworks @loader_path/Frameworks";
				PRODUCT_BUNDLE_IDENTIFIER = nl.robbertbrandsma.BSON;
				PRODUCT_NAME = "$(TARGET_NAME)";
				SKIP_INSTALL = YES;
				SWIFT_OPTIMIZATION_LEVEL = "-Onone";
			};
			name = Debug;
		};
		F20A95691C5383440054AB52 /* Release */ = {
			isa = XCBuildConfiguration;
			buildSettings = {
				CLANG_ENABLE_MODULES = YES;
				COMBINE_HIDPI_IMAGES = YES;
				DEFINES_MODULE = YES;
				DYLIB_COMPATIBILITY_VERSION = 1;
				DYLIB_CURRENT_VERSION = 1;
				DYLIB_INSTALL_NAME_BASE = "@rpath";
				FRAMEWORK_VERSION = A;
				INFOPLIST_FILE = BSON/Info.plist;
				INSTALL_PATH = "$(LOCAL_LIBRARY_DIR)/Frameworks";
				LD_RUNPATH_SEARCH_PATHS = "$(inherited) @executable_path/../Frameworks @loader_path/Frameworks";
				PRODUCT_BUNDLE_IDENTIFIER = nl.robbertbrandsma.BSON;
				PRODUCT_NAME = "$(TARGET_NAME)";
				SKIP_INSTALL = YES;
			};
			name = Release;
		};
		F20A956B1C5383440054AB52 /* Debug */ = {
			isa = XCBuildConfiguration;
			buildSettings = {
				COMBINE_HIDPI_IMAGES = YES;
				INFOPLIST_FILE = BSONTests/Info.plist;
				LD_RUNPATH_SEARCH_PATHS = "$(inherited) @executable_path/../Frameworks @loader_path/../Frameworks";
				PRODUCT_BUNDLE_IDENTIFIER = nl.robbertbrandsma.BSONTests;
				PRODUCT_NAME = "$(TARGET_NAME)";
			};
			name = Debug;
		};
		F20A956C1C5383440054AB52 /* Release */ = {
			isa = XCBuildConfiguration;
			buildSettings = {
				COMBINE_HIDPI_IMAGES = YES;
				INFOPLIST_FILE = BSONTests/Info.plist;
				LD_RUNPATH_SEARCH_PATHS = "$(inherited) @executable_path/../Frameworks @loader_path/../Frameworks";
				PRODUCT_BUNDLE_IDENTIFIER = nl.robbertbrandsma.BSONTests;
				PRODUCT_NAME = "$(TARGET_NAME)";
			};
			name = Release;
		};
/* End XCBuildConfiguration section */

/* Begin XCConfigurationList section */
		F20A954D1C5383440054AB52 /* Build configuration list for PBXProject "BSON" */ = {
			isa = XCConfigurationList;
			buildConfigurations = (
				F20A95651C5383440054AB52 /* Debug */,
				F20A95661C5383440054AB52 /* Release */,
			);
			defaultConfigurationIsVisible = 0;
			defaultConfigurationName = Release;
		};
		F20A95671C5383440054AB52 /* Build configuration list for PBXNativeTarget "BSON" */ = {
			isa = XCConfigurationList;
			buildConfigurations = (
				F20A95681C5383440054AB52 /* Debug */,
				F20A95691C5383440054AB52 /* Release */,
			);
			defaultConfigurationIsVisible = 0;
			defaultConfigurationName = Release;
		};
		F20A956A1C5383440054AB52 /* Build configuration list for PBXNativeTarget "BSONTests" */ = {
			isa = XCConfigurationList;
			buildConfigurations = (
				F20A956B1C5383440054AB52 /* Debug */,
				F20A956C1C5383440054AB52 /* Release */,
			);
			defaultConfigurationIsVisible = 0;
			defaultConfigurationName = Release;
		};
/* End XCConfigurationList section */
	};
	rootObject = F20A954A1C5383440054AB52 /* Project object */;
}
