// !$*UTF8*$!
{
	archiveVersion = 1;
	classes = {
	};
	objectVersion = 46;
	objects = {

/* Begin PBXBuildFile section */
		F22DAB041CEB440C004019C9 /* Compatibility.swift in Sources */ = {isa = PBXBuildFile; fileRef = F22DAB031CEB440C004019C9 /* Compatibility.swift */; };
		F22DAB061CEB4CF2004019C9 /* Compatibility.swift in Sources */ = {isa = PBXBuildFile; fileRef = F22DAB051CEB4CF2004019C9 /* Compatibility.swift */; };
		_LinkFileRef_BSON_via_BSONTestSuite /* libBSON.dylib in Frameworks */ = {isa = PBXBuildFile; fileRef = "_____Product_BSON" /* libBSON.dylib */; };
		"__src_cc_ref_Sources/Document+Operators.swift" /* Document+Operators.swift in Sources */ = {isa = PBXBuildFile; fileRef = "__PBXFileRef_Sources/Document+Operators.swift" /* Document+Operators.swift */; };
		"__src_cc_ref_Sources/Document+SequenceType.swift" /* Document+SequenceType.swift in Sources */ = {isa = PBXBuildFile; fileRef = "__PBXFileRef_Sources/Document+SequenceType.swift" /* Document+SequenceType.swift */; };
		"__src_cc_ref_Sources/Document+Serialization.swift" /* Document+Serialization.swift in Sources */ = {isa = PBXBuildFile; fileRef = "__PBXFileRef_Sources/Document+Serialization.swift" /* Document+Serialization.swift */; };
		__src_cc_ref_Sources/Document.swift /* Document.swift in Sources */ = {isa = PBXBuildFile; fileRef = __PBXFileRef_Sources/Document.swift /* Document.swift */; };
		__src_cc_ref_Sources/Element.swift /* Element.swift in Sources */ = {isa = PBXBuildFile; fileRef = __PBXFileRef_Sources/Element.swift /* Element.swift */; };
		__src_cc_ref_Sources/Error.swift /* Error.swift in Sources */ = {isa = PBXBuildFile; fileRef = __PBXFileRef_Sources/Error.swift /* Error.swift */; };
		__src_cc_ref_Sources/Helpers.swift /* Helpers.swift in Sources */ = {isa = PBXBuildFile; fileRef = __PBXFileRef_Sources/Helpers.swift /* Helpers.swift */; };
		__src_cc_ref_Sources/ObjectId.swift /* ObjectId.swift in Sources */ = {isa = PBXBuildFile; fileRef = __PBXFileRef_Sources/ObjectId.swift /* ObjectId.swift */; };
		"__src_cc_ref_Sources/Value+Comparing.swift" /* Value+Comparing.swift in Sources */ = {isa = PBXBuildFile; fileRef = "__PBXFileRef_Sources/Value+Comparing.swift" /* Value+Comparing.swift */; };
		"__src_cc_ref_Sources/Value+Extraction.swift" /* Value+Extraction.swift in Sources */ = {isa = PBXBuildFile; fileRef = "__PBXFileRef_Sources/Value+Extraction.swift" /* Value+Extraction.swift */; };
		"__src_cc_ref_Sources/Value+LiteralConvertibles.swift" /* Value+LiteralConvertibles.swift in Sources */ = {isa = PBXBuildFile; fileRef = "__PBXFileRef_Sources/Value+LiteralConvertibles.swift" /* Value+LiteralConvertibles.swift */; };
		"__src_cc_ref_Sources/Value+Serialization.swift" /* Value+Serialization.swift in Sources */ = {isa = PBXBuildFile; fileRef = "__PBXFileRef_Sources/Value+Serialization.swift" /* Value+Serialization.swift */; };
		"__src_cc_ref_Sources/Value+Subscript.swift" /* Value+Subscript.swift in Sources */ = {isa = PBXBuildFile; fileRef = "__PBXFileRef_Sources/Value+Subscript.swift" /* Value+Subscript.swift */; };
		__src_cc_ref_Sources/Value.swift /* Value.swift in Sources */ = {isa = PBXBuildFile; fileRef = __PBXFileRef_Sources/Value.swift /* Value.swift */; };
		__src_cc_ref_Sources/ValueConvertible.swift /* ValueConvertible.swift in Sources */ = {isa = PBXBuildFile; fileRef = __PBXFileRef_Sources/ValueConvertible.swift /* ValueConvertible.swift */; };
		__src_cc_ref_Tests/BSON/BSONInternalTests.swift /* BSONInternalTests.swift in Sources */ = {isa = PBXBuildFile; fileRef = __PBXFileRef_Tests/BSON/BSONInternalTests.swift /* BSONInternalTests.swift */; };
		__src_cc_ref_Tests/BSON/BSONPublicTests.swift /* BSONPublicTests.swift in Sources */ = {isa = PBXBuildFile; fileRef = __PBXFileRef_Tests/BSON/BSONPublicTests.swift /* BSONPublicTests.swift */; };
/* End PBXBuildFile section */

/* Begin PBXContainerItemProxy section */
		F22D324A1CEB432D00B352BF /* PBXContainerItemProxy */ = {
			isa = PBXContainerItemProxy;
			containerPortal = __RootObject_ /* Project object */;
			proxyType = 1;
			remoteGlobalIDString = "______Target_BSON";
			remoteInfo = BSON;
		};
/* End PBXContainerItemProxy section */

/* Begin PBXFileReference section */
		F22DAB031CEB440C004019C9 /* Compatibility.swift */ = {isa = PBXFileReference; fileEncoding = 4; lastKnownFileType = sourcecode.swift; path = Compatibility.swift; sourceTree = "<group>"; };
		F22DAB051CEB4CF2004019C9 /* Compatibility.swift */ = {isa = PBXFileReference; fileEncoding = 4; lastKnownFileType = sourcecode.swift; path = Compatibility.swift; sourceTree = "<group>"; };
		__PBXFileRef_BSON.xcodeproj/Configs/Project.xcconfig /* Project.xcconfig */ = {isa = PBXFileReference; lastKnownFileType = text.xcconfig; name = Project.xcconfig; path = BSON.xcodeproj/Configs/Project.xcconfig; sourceTree = "<group>"; };
		__PBXFileRef_Package.swift /* Package.swift */ = {isa = PBXFileReference; lastKnownFileType = sourcecode.swift; path = Package.swift; sourceTree = "<group>"; };
		"__PBXFileRef_Sources/Document+Operators.swift" /* Document+Operators.swift */ = {isa = PBXFileReference; lastKnownFileType = sourcecode.swift; path = "Document+Operators.swift"; sourceTree = "<group>"; };
		"__PBXFileRef_Sources/Document+SequenceType.swift" /* Document+SequenceType.swift */ = {isa = PBXFileReference; lastKnownFileType = sourcecode.swift; path = "Document+SequenceType.swift"; sourceTree = "<group>"; };
		"__PBXFileRef_Sources/Document+Serialization.swift" /* Document+Serialization.swift */ = {isa = PBXFileReference; lastKnownFileType = sourcecode.swift; path = "Document+Serialization.swift"; sourceTree = "<group>"; };
		__PBXFileRef_Sources/Document.swift /* Document.swift */ = {isa = PBXFileReference; lastKnownFileType = sourcecode.swift; path = Document.swift; sourceTree = "<group>"; };
		__PBXFileRef_Sources/Element.swift /* Element.swift */ = {isa = PBXFileReference; lastKnownFileType = sourcecode.swift; path = Element.swift; sourceTree = "<group>"; };
		__PBXFileRef_Sources/Error.swift /* Error.swift */ = {isa = PBXFileReference; lastKnownFileType = sourcecode.swift; path = Error.swift; sourceTree = "<group>"; };
		__PBXFileRef_Sources/Helpers.swift /* Helpers.swift */ = {isa = PBXFileReference; lastKnownFileType = sourcecode.swift; path = Helpers.swift; sourceTree = "<group>"; };
		__PBXFileRef_Sources/ObjectId.swift /* ObjectId.swift */ = {isa = PBXFileReference; lastKnownFileType = sourcecode.swift; path = ObjectId.swift; sourceTree = "<group>"; };
		"__PBXFileRef_Sources/Value+Comparing.swift" /* Value+Comparing.swift */ = {isa = PBXFileReference; lastKnownFileType = sourcecode.swift; path = "Value+Comparing.swift"; sourceTree = "<group>"; };
		"__PBXFileRef_Sources/Value+Extraction.swift" /* Value+Extraction.swift */ = {isa = PBXFileReference; lastKnownFileType = sourcecode.swift; path = "Value+Extraction.swift"; sourceTree = "<group>"; };
		"__PBXFileRef_Sources/Value+LiteralConvertibles.swift" /* Value+LiteralConvertibles.swift */ = {isa = PBXFileReference; lastKnownFileType = sourcecode.swift; path = "Value+LiteralConvertibles.swift"; sourceTree = "<group>"; };
		"__PBXFileRef_Sources/Value+Serialization.swift" /* Value+Serialization.swift */ = {isa = PBXFileReference; lastKnownFileType = sourcecode.swift; path = "Value+Serialization.swift"; sourceTree = "<group>"; };
		"__PBXFileRef_Sources/Value+Subscript.swift" /* Value+Subscript.swift */ = {isa = PBXFileReference; lastKnownFileType = sourcecode.swift; path = "Value+Subscript.swift"; sourceTree = "<group>"; };
		__PBXFileRef_Sources/Value.swift /* Value.swift */ = {isa = PBXFileReference; lastKnownFileType = sourcecode.swift; path = Value.swift; sourceTree = "<group>"; };
		__PBXFileRef_Sources/ValueConvertible.swift /* ValueConvertible.swift */ = {isa = PBXFileReference; lastKnownFileType = sourcecode.swift; path = ValueConvertible.swift; sourceTree = "<group>"; };
		__PBXFileRef_Tests/BSON/BSONInternalTests.swift /* BSONInternalTests.swift */ = {isa = PBXFileReference; lastKnownFileType = sourcecode.swift; path = BSONInternalTests.swift; sourceTree = "<group>"; };
		__PBXFileRef_Tests/BSON/BSONPublicTests.swift /* BSONPublicTests.swift */ = {isa = PBXFileReference; lastKnownFileType = sourcecode.swift; path = BSONPublicTests.swift; sourceTree = "<group>"; };
		"_____Product_BSON" /* libBSON.dylib */ = {isa = PBXFileReference; explicitFileType = "compiled.mach-o.dylib"; path = libBSON.dylib; sourceTree = BUILT_PRODUCTS_DIR; };
		"_____Product_BSONTestSuite" /* BSONTestSuite.xctest */ = {isa = PBXFileReference; explicitFileType = wrapper.cfbundle; path = BSONTestSuite.xctest; sourceTree = BUILT_PRODUCTS_DIR; };
/* End PBXFileReference section */

/* Begin PBXFrameworksBuildPhase section */
		"___LinkPhase_BSON" /* Frameworks */ = {
			isa = PBXFrameworksBuildPhase;
			buildActionMask = 0;
			files = (
			);
			runOnlyForDeploymentPostprocessing = 0;
		};
		"___LinkPhase_BSONTestSuite" /* Frameworks */ = {
			isa = PBXFrameworksBuildPhase;
			buildActionMask = 0;
			files = (
				_LinkFileRef_BSON_via_BSONTestSuite /* libBSON.dylib in Frameworks */,
			);
			runOnlyForDeploymentPostprocessing = 0;
		};
/* End PBXFrameworksBuildPhase section */

/* Begin PBXGroup section */
		TestProducts_ /* Tests */ = {
			isa = PBXGroup;
			children = (
				"_____Product_BSONTestSuite" /* BSONTestSuite.xctest */,
			);
			name = Tests;
			sourceTree = "<group>";
		};
		"___RootGroup_" = {
			isa = PBXGroup;
			children = (
				__PBXFileRef_Package.swift /* Package.swift */,
				"_____Configs_" /* Configs */,
				"_____Sources_" /* Sources */,
				"_______Tests_" /* Tests */,
				"____Products_" /* Products */,
			);
			sourceTree = "<group>";
		};
		"____Products_" /* Products */ = {
			isa = PBXGroup;
			children = (
				TestProducts_ /* Tests */,
				"_____Product_BSON" /* libBSON.dylib */,
			);
			name = Products;
			sourceTree = "<group>";
		};
		"_____Configs_" /* Configs */ = {
			isa = PBXGroup;
			children = (
				__PBXFileRef_BSON.xcodeproj/Configs/Project.xcconfig /* Project.xcconfig */,
			);
			name = Configs;
			sourceTree = "<group>";
		};
		"_____Sources_" /* Sources */ = {
			isa = PBXGroup;
			children = (
				"_______Group_BSON" /* BSON */,
			);
			name = Sources;
			sourceTree = "<group>";
		};
		"_______Group_BSON" /* BSON */ = {
			isa = PBXGroup;
			children = (
				"__PBXFileRef_Sources/Document+Operators.swift" /* Document+Operators.swift */,
				"__PBXFileRef_Sources/Document+SequenceType.swift" /* Document+SequenceType.swift */,
				"__PBXFileRef_Sources/Document+Serialization.swift" /* Document+Serialization.swift */,
				__PBXFileRef_Sources/Document.swift /* Document.swift */,
				__PBXFileRef_Sources/Element.swift /* Element.swift */,
				__PBXFileRef_Sources/Error.swift /* Error.swift */,
				__PBXFileRef_Sources/Helpers.swift /* Helpers.swift */,
				__PBXFileRef_Sources/ObjectId.swift /* ObjectId.swift */,
				"__PBXFileRef_Sources/Value+Comparing.swift" /* Value+Comparing.swift */,
				"__PBXFileRef_Sources/Value+Extraction.swift" /* Value+Extraction.swift */,
				"__PBXFileRef_Sources/Value+LiteralConvertibles.swift" /* Value+LiteralConvertibles.swift */,
				"__PBXFileRef_Sources/Value+Serialization.swift" /* Value+Serialization.swift */,
				"__PBXFileRef_Sources/Value+Subscript.swift" /* Value+Subscript.swift */,
				__PBXFileRef_Sources/Value.swift /* Value.swift */,
				__PBXFileRef_Sources/ValueConvertible.swift /* ValueConvertible.swift */,
				F22DAB031CEB440C004019C9 /* Compatibility.swift */,
			);
			name = BSON;
			path = Sources;
			sourceTree = "<group>";
		};
		"_______Group_BSONTestSuite" /* BSONTestSuite */ = {
			isa = PBXGroup;
			children = (
				__PBXFileRef_Tests/BSON/BSONInternalTests.swift /* BSONInternalTests.swift */,
				__PBXFileRef_Tests/BSON/BSONPublicTests.swift /* BSONPublicTests.swift */,
				F22DAB051CEB4CF2004019C9 /* Compatibility.swift */,
			);
			name = BSONTestSuite;
			path = Tests/BSON;
			sourceTree = "<group>";
		};
		"_______Tests_" /* Tests */ = {
			isa = PBXGroup;
			children = (
				"_______Group_BSONTestSuite" /* BSONTestSuite */,
			);
			name = Tests;
			sourceTree = "<group>";
		};
/* End PBXGroup section */

/* Begin PBXNativeTarget section */
		"______Target_BSON" /* BSON */ = {
			isa = PBXNativeTarget;
			buildConfigurationList = "_______Confs_BSON" /* Build configuration list for PBXNativeTarget "BSON" */;
			buildPhases = (
				CompilePhase_BSON /* Sources */,
				"___LinkPhase_BSON" /* Frameworks */,
			);
			buildRules = (
			);
			dependencies = (
			);
			name = BSON;
			productName = BSON;
			productReference = "_____Product_BSON" /* libBSON.dylib */;
			productType = "com.apple.product-type.library.dynamic";
		};
		"______Target_BSONTestSuite" /* BSONTestSuite */ = {
			isa = PBXNativeTarget;
			buildConfigurationList = "_______Confs_BSONTestSuite" /* Build configuration list for PBXNativeTarget "BSONTestSuite" */;
			buildPhases = (
				CompilePhase_BSONTestSuite /* Sources */,
				"___LinkPhase_BSONTestSuite" /* Frameworks */,
			);
			buildRules = (
			);
			dependencies = (
				__Dependency_BSON /* PBXTargetDependency */,
			);
			name = BSONTestSuite;
			productName = BSONTestSuite;
			productReference = "_____Product_BSONTestSuite" /* BSONTestSuite.xctest */;
			productType = "com.apple.product-type.bundle.unit-test";
		};
/* End PBXNativeTarget section */

/* Begin PBXProject section */
		__RootObject_ /* Project object */ = {
			isa = PBXProject;
			attributes = {
				LastUpgradeCheck = 9999;
			};
			buildConfigurationList = "___RootConfs_" /* Build configuration list for PBXProject "BSON" */;
			compatibilityVersion = "Xcode 3.2";
			developmentRegion = English;
			hasScannedForEncodings = 0;
			knownRegions = (
				en,
			);
			mainGroup = "___RootGroup_";
			productRefGroup = "____Products_" /* Products */;
			projectDirPath = "";
			projectRoot = "";
			targets = (
				"______Target_BSON" /* BSON */,
				"______Target_BSONTestSuite" /* BSONTestSuite */,
			);
		};
/* End PBXProject section */

/* Begin PBXSourcesBuildPhase section */
		CompilePhase_BSON /* Sources */ = {
			isa = PBXSourcesBuildPhase;
			buildActionMask = 0;
			files = (
				"__src_cc_ref_Sources/Document+Operators.swift" /* Document+Operators.swift in Sources */,
				"__src_cc_ref_Sources/Document+SequenceType.swift" /* Document+SequenceType.swift in Sources */,
				"__src_cc_ref_Sources/Document+Serialization.swift" /* Document+Serialization.swift in Sources */,
				__src_cc_ref_Sources/Document.swift /* Document.swift in Sources */,
				__src_cc_ref_Sources/Element.swift /* Element.swift in Sources */,
				__src_cc_ref_Sources/Error.swift /* Error.swift in Sources */,
				__src_cc_ref_Sources/Helpers.swift /* Helpers.swift in Sources */,
				__src_cc_ref_Sources/ObjectId.swift /* ObjectId.swift in Sources */,
				"__src_cc_ref_Sources/Value+Comparing.swift" /* Value+Comparing.swift in Sources */,
				"__src_cc_ref_Sources/Value+Extraction.swift" /* Value+Extraction.swift in Sources */,
				"__src_cc_ref_Sources/Value+LiteralConvertibles.swift" /* Value+LiteralConvertibles.swift in Sources */,
				"__src_cc_ref_Sources/Value+Serialization.swift" /* Value+Serialization.swift in Sources */,
				"__src_cc_ref_Sources/Value+Subscript.swift" /* Value+Subscript.swift in Sources */,
				__src_cc_ref_Sources/Value.swift /* Value.swift in Sources */,
				F22DAB041CEB440C004019C9 /* Compatibility.swift in Sources */,
				__src_cc_ref_Sources/ValueConvertible.swift /* ValueConvertible.swift in Sources */,
			);
			runOnlyForDeploymentPostprocessing = 0;
		};
		CompilePhase_BSONTestSuite /* Sources */ = {
			isa = PBXSourcesBuildPhase;
			buildActionMask = 0;
			files = (
				__src_cc_ref_Tests/BSON/BSONInternalTests.swift /* BSONInternalTests.swift in Sources */,
				__src_cc_ref_Tests/BSON/BSONPublicTests.swift /* BSONPublicTests.swift in Sources */,
				F22DAB061CEB4CF2004019C9 /* Compatibility.swift in Sources */,
			);
			runOnlyForDeploymentPostprocessing = 0;
		};
/* End PBXSourcesBuildPhase section */

/* Begin PBXTargetDependency section */
		__Dependency_BSON /* PBXTargetDependency */ = {
			isa = PBXTargetDependency;
			target = "______Target_BSON" /* BSON */;
			targetProxy = F22D324A1CEB432D00B352BF /* PBXContainerItemProxy */;
		};
/* End PBXTargetDependency section */

/* Begin XCBuildConfiguration section */
		_ReleaseConf_BSON /* Release */ = {
			isa = XCBuildConfiguration;
			buildSettings = {
				ENABLE_TESTABILITY = YES;
				LD_RUNPATH_SEARCH_PATHS = "$(TOOLCHAIN_DIR)/usr/lib/swift/macosx";
				OTHER_LDFLAGS = "$(inherited)";
				OTHER_SWIFT_FLAGS = "$(inherited)";
				PRODUCT_MODULE_NAME = "$(TARGET_NAME:c99extidentifier)";
				PRODUCT_NAME = "lib$(TARGET_NAME)";
			};
			name = Release;
		};
		_ReleaseConf_BSONTestSuite /* Release */ = {
			isa = XCBuildConfiguration;
			buildSettings = {
				EMBEDDED_CONTENT_CONTAINS_SWIFT = YES;
				LD_RUNPATH_SEARCH_PATHS = "@loader_path/../Frameworks";
				OTHER_LDFLAGS = "$(inherited)";
				OTHER_SWIFT_FLAGS = "$(inherited)";
			};
			name = Release;
		};
		"___DebugConf_BSON" /* Debug */ = {
			isa = XCBuildConfiguration;
			buildSettings = {
				ENABLE_TESTABILITY = YES;
				LD_RUNPATH_SEARCH_PATHS = "$(TOOLCHAIN_DIR)/usr/lib/swift/macosx";
				OTHER_LDFLAGS = "$(inherited)";
				OTHER_SWIFT_FLAGS = "$(inherited)";
				PRODUCT_MODULE_NAME = "$(TARGET_NAME:c99extidentifier)";
				PRODUCT_NAME = "lib$(TARGET_NAME)";
				SWIFT_OPTIMIZATION_LEVEL = "-Onone";
			};
			name = Debug;
		};
		"___DebugConf_BSONTestSuite" /* Debug */ = {
			isa = XCBuildConfiguration;
			buildSettings = {
				EMBEDDED_CONTENT_CONTAINS_SWIFT = YES;
				LD_RUNPATH_SEARCH_PATHS = "@loader_path/../Frameworks";
				OTHER_LDFLAGS = "$(inherited)";
				OTHER_SWIFT_FLAGS = "$(inherited)";
				SWIFT_OPTIMIZATION_LEVEL = "-Onone";
			};
			name = Debug;
		};
		"_____Release_" /* Release */ = {
			isa = XCBuildConfiguration;
			baseConfigurationReference = __PBXFileRef_BSON.xcodeproj/Configs/Project.xcconfig /* Project.xcconfig */;
			buildSettings = {
			};
			name = Release;
		};
		"_______Debug_" /* Debug */ = {
			isa = XCBuildConfiguration;
			baseConfigurationReference = __PBXFileRef_BSON.xcodeproj/Configs/Project.xcconfig /* Project.xcconfig */;
			buildSettings = {
			};
			name = Debug;
		};
/* End XCBuildConfiguration section */

/* Begin XCConfigurationList section */
		"___RootConfs_" /* Build configuration list for PBXProject "BSON" */ = {
			isa = XCConfigurationList;
			buildConfigurations = (
				"_______Debug_" /* Debug */,
				"_____Release_" /* Release */,
			);
			defaultConfigurationIsVisible = 0;
			defaultConfigurationName = Debug;
		};
		"_______Confs_BSON" /* Build configuration list for PBXNativeTarget "BSON" */ = {
			isa = XCConfigurationList;
			buildConfigurations = (
				"___DebugConf_BSON" /* Debug */,
				_ReleaseConf_BSON /* Release */,
			);
			defaultConfigurationIsVisible = 0;
			defaultConfigurationName = Debug;
		};
		"_______Confs_BSONTestSuite" /* Build configuration list for PBXNativeTarget "BSONTestSuite" */ = {
			isa = XCConfigurationList;
			buildConfigurations = (
				"___DebugConf_BSONTestSuite" /* Debug */,
				_ReleaseConf_BSONTestSuite /* Release */,
			);
			defaultConfigurationIsVisible = 0;
			defaultConfigurationName = Debug;
		};
/* End XCConfigurationList section */
	};
	rootObject = __RootObject_ /* Project object */;
}
